{
  "name": "src",
  "version": "1.0.0",
  "lockfileVersion": 2,
  "requires": true,
  "packages": {
    "": {
      "version": "1.0.0",
      "license": "ISC",
      "dependencies": {
        "@zyllio/zy-sdk": "^0.0.5"
      }
    },
    "node_modules/@zyllio/zy-sdk": {
      "version": "0.0.5",
      "resolved": "https://registry.npmjs.org/@zyllio/zy-sdk/-/zy-sdk-0.0.5.tgz",
      "integrity": "sha512-TfkuMLZDVDmCJVlZFAvKh/DfKpDu5L2jORKXBKeHX5kenEHvRYFbK02PjMDDHUdfIwZeDtVl1F4Lm01FgCdQrA=="
    }
  },
  "dependencies": {
    "@zyllio/zy-sdk": {
      "version": "0.0.5",
      "resolved": "https://registry.npmjs.org/@zyllio/zy-sdk/-/zy-sdk-0.0.5.tgz",
      "integrity": "sha512-TfkuMLZDVDmCJVlZFAvKh/DfKpDu5L2jORKXBKeHX5kenEHvRYFbK02PjMDDHUdfIwZeDtVl1F4Lm01FgCdQrA=="
    }
  }
}
